
Microsoft Visual Studio Solution File, Format Version 12.00
# Visual Studio 15
VisualStudioVersion = 15.0.28010.2019
MinimumVisualStudioVersion = 10.0.40219.1
Project("{FAE04EC0-301F-11D3-BF4B-00C04F79EFBC}") = "CallCenterWS", "CallCenterWS\CallCenterWS.csproj", "{43958B85-3EDD-4CEE-81FD-0A7A6FA87EEA}"
EndProject
Project("{FAE04EC0-301F-11D3-BF4B-00C04F79EFBC}") = "BC.CallCenter", "BC.CallCenter\BC.CallCenter.csproj", "{8EC6A473-9D43-495F-BCE6-2A976F62F66F}"
EndProject
Project("{FAE04EC0-301F-11D3-BF4B-00C04F79EFBC}") = "BC.CallCenterPortable", "BC.CallCenterPortable\BC.CallCenterPortable.csproj", "{183F97F0-B37E-4E47-94A8-7EB5BCB879F2}"
EndProject
Global
	GlobalSection(SolutionConfigurationPlatforms) = preSolution
		Debug|Any CPU = Debug|Any CPU
		Release|Any CPU = Release|Any CPU
	EndGlobalSection
	GlobalSection(ProjectConfigurationPlatforms) = postSolution
		{43958B85-3EDD-4CEE-81FD-0A7A6FA87EEA}.Debug|Any CPU.ActiveCfg = Debug|Any CPU
		{43958B85-3EDD-4CEE-81FD-0A7A6FA87EEA}.Debug|Any CPU.Build.0 = Debug|Any CPU
		{43958B85-3EDD-4CEE-81FD-0A7A6FA87EEA}.Release|Any CPU.ActiveCfg = Release|Any CPU
		{43958B85-3EDD-4CEE-81FD-0A7A6FA87EEA}.Release|Any CPU.Build.0 = Release|Any CPU
		{8EC6A473-9D43-495F-BCE6-2A976F62F66F}.Debug|Any CPU.ActiveCfg = Debug|Any CPU
		{8EC6A473-9D43-495F-BCE6-2A976F62F66F}.Debug|Any CPU.Build.0 = Debug|Any CPU
		{8EC6A473-9D43-495F-BCE6-2A976F62F66F}.Release|Any CPU.ActiveCfg = Release|Any CPU
		{8EC6A473-9D43-495F-BCE6-2A976F62F66F}.Release|Any CPU.Build.0 = Release|Any CPU
		{183F97F0-B37E-4E47-94A8-7EB5BCB879F2}.Debug|Any CPU.ActiveCfg = Debug|Any CPU
		{183F97F0-B37E-4E47-94A8-7EB5BCB879F2}.Debug|Any CPU.Build.0 = Debug|Any CPU
		{183F97F0-B37E-4E47-94A8-7EB5BCB879F2}.Release|Any CPU.ActiveCfg = Release|Any CPU
		{183F97F0-B37E-4E47-94A8-7EB5BCB879F2}.Release|Any CPU.Build.0 = Release|Any CPU
	EndGlobalSection
	GlobalSection(SolutionProperties) = preSolution
		HideSolutionNode = FALSE
	EndGlobalSection
	GlobalSection(ExtensibilityGlobals) = postSolution
		SolutionGuid = {3545C473-C3E1-4E6A-A600-E28B66B53A3E}
	EndGlobalSection
	GlobalSection(TeamFoundationVersionControl) = preSolution
		SccNumberOfProjects = 4
		SccEnterpriseProvider = {4CA58AB2-18FA-4F8D-95D4-32DDF27D184C}
		SccTeamFoundationServer = http://srvweb:8080/tfs/imasd
		SccLocalPath0 = .
		SccProjectUniqueName1 = CallCenterWS\\CallCenterWS.csproj
		SccProjectName1 = CallCenterWS
		SccLocalPath1 = CallCenterWS
		SccProjectUniqueName2 = BC.CallCenter\\BC.CallCenter.csproj
		SccProjectName2 = BC.CallCenter
		SccLocalPath2 = BC.CallCenter
		SccProjectUniqueName3 = BC.CallCenterPortable\\BC.CallCenterPortable.csproj
		SccProjectName3 = BC.CallCenterPortable
		SccLocalPath3 = BC.CallCenterPortable
	EndGlobalSection
EndGlobal
