
Microsoft Visual Studio Solution File, Format Version 12.00
# Visual Studio Version 16
VisualStudioVersion = 16.0.29911.84
MinimumVisualStudioVersion = 10.0.40219.1
Project("{FAE04EC0-301F-11D3-BF4B-00C04F79EFBC}") = "IMD.Meditoc.Pagos.Web", "IMD.Meditoc.Pagos.Web\IMD.Meditoc.Pagos.Web.csproj", "{9D4B2F2A-9905-4C90-B774-A7E1F8AFD076}"
EndProject
Project("{FAE04EC0-301F-11D3-BF4B-00C04F79EFBC}") = "IMD.Meditoc.Pagos.Tests", "IMD.Meditoc.Pagos.Tests\IMD.Meditoc.Pagos.Tests.csproj", "{99425ED9-3C3C-4F90-A74D-E5FA836C5926}"
EndProject
Project("{FAE04EC0-301F-11D3-BF4B-00C04F79EFBC}") = "IMD.Meditoc.Pagos.Data", "IMD.Meditoc.Pagos.Data\IMD.Meditoc.Pagos.Data.csproj", "{2F3FD623-9829-4EAC-BFEB-FF32B141858C}"
EndProject
Project("{FAE04EC0-301F-11D3-BF4B-00C04F79EFBC}") = "IMD.Meditoc.Pagos.Business", "IMD.Meditoc.Pagos.Business\IMD.Meditoc.Pagos.Business.csproj", "{A5F70E34-C858-4203-BC87-A022A9AC98BE}"
EndProject
Project("{FAE04EC0-301F-11D3-BF4B-00C04F79EFBC}") = "IMD.Meditoc.Pagos.Entities", "IMD.Meditoc.Pagos.Entities\IMD.Meditoc.Pagos.Entities.csproj", "{D7AB3F64-F139-498B-9BA5-CD2251A404BC}"
EndProject
Global
	GlobalSection(SolutionConfigurationPlatforms) = preSolution
		Debug|Any CPU = Debug|Any CPU
		Release|Any CPU = Release|Any CPU
	EndGlobalSection
	GlobalSection(ProjectConfigurationPlatforms) = postSolution
		{9D4B2F2A-9905-4C90-B774-A7E1F8AFD076}.Debug|Any CPU.ActiveCfg = Debug|Any CPU
		{9D4B2F2A-9905-4C90-B774-A7E1F8AFD076}.Debug|Any CPU.Build.0 = Debug|Any CPU
		{9D4B2F2A-9905-4C90-B774-A7E1F8AFD076}.Release|Any CPU.ActiveCfg = Release|Any CPU
		{9D4B2F2A-9905-4C90-B774-A7E1F8AFD076}.Release|Any CPU.Build.0 = Release|Any CPU
		{99425ED9-3C3C-4F90-A74D-E5FA836C5926}.Debug|Any CPU.ActiveCfg = Debug|Any CPU
		{99425ED9-3C3C-4F90-A74D-E5FA836C5926}.Debug|Any CPU.Build.0 = Debug|Any CPU
		{99425ED9-3C3C-4F90-A74D-E5FA836C5926}.Release|Any CPU.ActiveCfg = Release|Any CPU
		{99425ED9-3C3C-4F90-A74D-E5FA836C5926}.Release|Any CPU.Build.0 = Release|Any CPU
		{2F3FD623-9829-4EAC-BFEB-FF32B141858C}.Debug|Any CPU.ActiveCfg = Debug|Any CPU
		{2F3FD623-9829-4EAC-BFEB-FF32B141858C}.Debug|Any CPU.Build.0 = Debug|Any CPU
		{2F3FD623-9829-4EAC-BFEB-FF32B141858C}.Release|Any CPU.ActiveCfg = Release|Any CPU
		{2F3FD623-9829-4EAC-BFEB-FF32B141858C}.Release|Any CPU.Build.0 = Release|Any CPU
		{A5F70E34-C858-4203-BC87-A022A9AC98BE}.Debug|Any CPU.ActiveCfg = Debug|Any CPU
		{A5F70E34-C858-4203-BC87-A022A9AC98BE}.Debug|Any CPU.Build.0 = Debug|Any CPU
		{A5F70E34-C858-4203-BC87-A022A9AC98BE}.Release|Any CPU.ActiveCfg = Release|Any CPU
		{A5F70E34-C858-4203-BC87-A022A9AC98BE}.Release|Any CPU.Build.0 = Release|Any CPU
		{D7AB3F64-F139-498B-9BA5-CD2251A404BC}.Debug|Any CPU.ActiveCfg = Debug|Any CPU
		{D7AB3F64-F139-498B-9BA5-CD2251A404BC}.Debug|Any CPU.Build.0 = Debug|Any CPU
		{D7AB3F64-F139-498B-9BA5-CD2251A404BC}.Release|Any CPU.ActiveCfg = Release|Any CPU
		{D7AB3F64-F139-498B-9BA5-CD2251A404BC}.Release|Any CPU.Build.0 = Release|Any CPU
	EndGlobalSection
	GlobalSection(SolutionProperties) = preSolution
		HideSolutionNode = FALSE
	EndGlobalSection
	GlobalSection(ExtensibilityGlobals) = postSolution
		SolutionGuid = {47B89CF9-0E48-4F8B-9214-F6D10A91F9E3}
	EndGlobalSection
EndGlobal
